// !$*UTF8*$!
{
	archiveVersion = 1;
	classes = {
	};
	objectVersion = 56;
	objects = {

/* Begin PBXBuildFile section */
		92513759298C8DB600916591 /* Item+CoreDataClass.swift in Sources */ = {isa = PBXBuildFile; fileRef = 92513757298C8DB600916591 /* Item+CoreDataClass.swift */; };
		9251375A298C8DB600916591 /* Item+CoreDataProperties.swift in Sources */ = {isa = PBXBuildFile; fileRef = 92513758298C8DB600916591 /* Item+CoreDataProperties.swift */; };
		92CCF02A2985FF120066A4A4 /* ItemEditView.swift in Sources */ = {isa = PBXBuildFile; fileRef = 92CCF0292985FF120066A4A4 /* ItemEditView.swift */; };
		92E1884D297BB47C009BD0E4 /* PhotoSelectorView.swift in Sources */ = {isa = PBXBuildFile; fileRef = 92E1884C297BB47C009BD0E4 /* PhotoSelectorView.swift */; };
		92E18851297C6F12009BD0E4 /* ItemDetailView.swift in Sources */ = {isa = PBXBuildFile; fileRef = 92E18850297C6F12009BD0E4 /* ItemDetailView.swift */; };
		92E18855297CBD6A009BD0E4 /* ConditionalSpacer.swift in Sources */ = {isa = PBXBuildFile; fileRef = 92E18854297CBD6A009BD0E4 /* ConditionalSpacer.swift */; };
		92E1885C297E4D70009BD0E4 /* DateStringUtil.swift in Sources */ = {isa = PBXBuildFile; fileRef = 92E1885B297E4D70009BD0E4 /* DateStringUtil.swift */; };
		92E1885E297E52AE009BD0E4 /* ExpirationTextView.swift in Sources */ = {isa = PBXBuildFile; fileRef = 92E1885D297E52AD009BD0E4 /* ExpirationTextView.swift */; };
		92E188622980900D009BD0E4 /* NotificationPermission.swift in Sources */ = {isa = PBXBuildFile; fileRef = 92E188612980900D009BD0E4 /* NotificationPermission.swift */; };
		92E1886429809063009BD0E4 /* SettingsView.swift in Sources */ = {isa = PBXBuildFile; fileRef = 92E1886329809063009BD0E4 /* SettingsView.swift */; };
		92E188662980D995009BD0E4 /* Notifications.swift in Sources */ = {isa = PBXBuildFile; fileRef = 92E188652980D995009BD0E4 /* Notifications.swift */; };
		92E18868298378A3009BD0E4 /* CoreDataUtil.swift in Sources */ = {isa = PBXBuildFile; fileRef = 92E18867298378A3009BD0E4 /* CoreDataUtil.swift */; };
		92E188712984B279009BD0E4 /* FileUtil.swift in Sources */ = {isa = PBXBuildFile; fileRef = 92E188702984B279009BD0E4 /* FileUtil.swift */; };
		92E188732984CB14009BD0E4 /* CSVDocument.swift in Sources */ = {isa = PBXBuildFile; fileRef = 92E188722984CB14009BD0E4 /* CSVDocument.swift */; };
		92FA0B47297A326F00F12C85 /* iExpireApp.swift in Sources */ = {isa = PBXBuildFile; fileRef = 92FA0B46297A326F00F12C85 /* iExpireApp.swift */; };
		92FA0B49297A326F00F12C85 /* AddExpirationView.swift in Sources */ = {isa = PBXBuildFile; fileRef = 92FA0B48297A326F00F12C85 /* AddExpirationView.swift */; };
		92FA0B4B297A327300F12C85 /* Assets.xcassets in Resources */ = {isa = PBXBuildFile; fileRef = 92FA0B4A297A327300F12C85 /* Assets.xcassets */; };
		92FA0B4F297A327300F12C85 /* Preview Assets.xcassets in Resources */ = {isa = PBXBuildFile; fileRef = 92FA0B4E297A327300F12C85 /* Preview Assets.xcassets */; };
		92FA0B58297A399D00F12C85 /* .gitignore in Resources */ = {isa = PBXBuildFile; fileRef = 92FA0B55297A399D00F12C85 /* .gitignore */; };
		92FA0B59297A399D00F12C85 /* README.md in Resources */ = {isa = PBXBuildFile; fileRef = 92FA0B56297A399D00F12C85 /* README.md */; };
		92FA0B5A297A399D00F12C85 /* LICENSE in Resources */ = {isa = PBXBuildFile; fileRef = 92FA0B57297A399D00F12C85 /* LICENSE */; };
		92FA0B5D297A3F5A00F12C85 /* iExpireProject.xcdatamodeld in Sources */ = {isa = PBXBuildFile; fileRef = 92FA0B5B297A3F5A00F12C85 /* iExpireProject.xcdatamodeld */; };
		92FA0B70297A531600F12C85 /* DataController.swift in Sources */ = {isa = PBXBuildFile; fileRef = 92FA0B6F297A531600F12C85 /* DataController.swift */; };
		92FA0B72297A5D3C00F12C85 /* TrackedItemsView.swift in Sources */ = {isa = PBXBuildFile; fileRef = 92FA0B71297A5D3C00F12C85 /* TrackedItemsView.swift */; };
/* End PBXBuildFile section */

/* Begin PBXFileReference section */
		92513757298C8DB600916591 /* Item+CoreDataClass.swift */ = {isa = PBXFileReference; fileEncoding = 4; lastKnownFileType = sourcecode.swift; path = "Item+CoreDataClass.swift"; sourceTree = "<group>"; };
		92513758298C8DB600916591 /* Item+CoreDataProperties.swift */ = {isa = PBXFileReference; fileEncoding = 4; lastKnownFileType = sourcecode.swift; path = "Item+CoreDataProperties.swift"; sourceTree = "<group>"; };
		92CCF0292985FF120066A4A4 /* ItemEditView.swift */ = {isa = PBXFileReference; fileEncoding = 4; lastKnownFileType = sourcecode.swift; path = ItemEditView.swift; sourceTree = "<group>"; };
		92E1884B297BB04E009BD0E4 /* iExpire.entitlements */ = {isa = PBXFileReference; lastKnownFileType = text.plist.entitlements; path = iExpire.entitlements; sourceTree = "<group>"; };
		92E1884C297BB47C009BD0E4 /* PhotoSelectorView.swift */ = {isa = PBXFileReference; lastKnownFileType = sourcecode.swift; path = PhotoSelectorView.swift; sourceTree = "<group>"; };
		92E18850297C6F12009BD0E4 /* ItemDetailView.swift */ = {isa = PBXFileReference; lastKnownFileType = sourcecode.swift; path = ItemDetailView.swift; sourceTree = "<group>"; };
		92E18854297CBD6A009BD0E4 /* ConditionalSpacer.swift */ = {isa = PBXFileReference; lastKnownFileType = sourcecode.swift; path = ConditionalSpacer.swift; sourceTree = "<group>"; };
		92E1885B297E4D70009BD0E4 /* DateStringUtil.swift */ = {isa = PBXFileReference; lastKnownFileType = sourcecode.swift; path = DateStringUtil.swift; sourceTree = "<group>"; };
		92E1885D297E52AD009BD0E4 /* ExpirationTextView.swift */ = {isa = PBXFileReference; lastKnownFileType = sourcecode.swift; path = ExpirationTextView.swift; sourceTree = "<group>"; };
		92E188612980900D009BD0E4 /* NotificationPermission.swift */ = {isa = PBXFileReference; lastKnownFileType = sourcecode.swift; path = NotificationPermission.swift; sourceTree = "<group>"; };
		92E1886329809063009BD0E4 /* SettingsView.swift */ = {isa = PBXFileReference; lastKnownFileType = sourcecode.swift; path = SettingsView.swift; sourceTree = "<group>"; };
		92E188652980D995009BD0E4 /* Notifications.swift */ = {isa = PBXFileReference; lastKnownFileType = sourcecode.swift; path = Notifications.swift; sourceTree = "<group>"; };
		92E18867298378A3009BD0E4 /* CoreDataUtil.swift */ = {isa = PBXFileReference; lastKnownFileType = sourcecode.swift; path = CoreDataUtil.swift; sourceTree = "<group>"; };
		92E188702984B279009BD0E4 /* FileUtil.swift */ = {isa = PBXFileReference; fileEncoding = 4; lastKnownFileType = sourcecode.swift; path = FileUtil.swift; sourceTree = "<group>"; };
		92E188722984CB14009BD0E4 /* CSVDocument.swift */ = {isa = PBXFileReference; lastKnownFileType = sourcecode.swift; path = CSVDocument.swift; sourceTree = "<group>"; };
		92FA0B43297A326F00F12C85 /* iExpire.app */ = {isa = PBXFileReference; explicitFileType = wrapper.application; includeInIndex = 0; path = iExpire.app; sourceTree = BUILT_PRODUCTS_DIR; };
		92FA0B46297A326F00F12C85 /* iExpireApp.swift */ = {isa = PBXFileReference; lastKnownFileType = sourcecode.swift; path = iExpireApp.swift; sourceTree = "<group>"; };
		92FA0B48297A326F00F12C85 /* AddExpirationView.swift */ = {isa = PBXFileReference; lastKnownFileType = sourcecode.swift; path = AddExpirationView.swift; sourceTree = "<group>"; };
		92FA0B4A297A327300F12C85 /* Assets.xcassets */ = {isa = PBXFileReference; lastKnownFileType = folder.assetcatalog; path = Assets.xcassets; sourceTree = "<group>"; };
		92FA0B4E297A327300F12C85 /* Preview Assets.xcassets */ = {isa = PBXFileReference; lastKnownFileType = folder.assetcatalog; path = "Preview Assets.xcassets"; sourceTree = "<group>"; };
		92FA0B55297A399D00F12C85 /* .gitignore */ = {isa = PBXFileReference; fileEncoding = 4; lastKnownFileType = text; path = .gitignore; sourceTree = "<group>"; };
		92FA0B56297A399D00F12C85 /* README.md */ = {isa = PBXFileReference; fileEncoding = 4; lastKnownFileType = net.daringfireball.markdown; path = README.md; sourceTree = "<group>"; };
		92FA0B57297A399D00F12C85 /* LICENSE */ = {isa = PBXFileReference; fileEncoding = 4; lastKnownFileType = text; path = LICENSE; sourceTree = "<group>"; };
		92FA0B5C297A3F5A00F12C85 /* iExpireProject.xcdatamodel */ = {isa = PBXFileReference; lastKnownFileType = wrapper.xcdatamodel; path = iExpireProject.xcdatamodel; sourceTree = "<group>"; };
		92FA0B6F297A531600F12C85 /* DataController.swift */ = {isa = PBXFileReference; lastKnownFileType = sourcecode.swift; path = DataController.swift; sourceTree = "<group>"; };
		92FA0B71297A5D3C00F12C85 /* TrackedItemsView.swift */ = {isa = PBXFileReference; lastKnownFileType = sourcecode.swift; path = TrackedItemsView.swift; sourceTree = "<group>"; };
/* End PBXFileReference section */

/* Begin PBXFrameworksBuildPhase section */
		92FA0B40297A326F00F12C85 /* Frameworks */ = {
			isa = PBXFrameworksBuildPhase;
			buildActionMask = 2147483647;
			files = (
			);
			runOnlyForDeploymentPostprocessing = 0;
		};
/* End PBXFrameworksBuildPhase section */

/* Begin PBXGroup section */
		92E18856297CBE05009BD0E4 /* UtilViews */ = {
			isa = PBXGroup;
			children = (
				92E1884C297BB47C009BD0E4 /* PhotoSelectorView.swift */,
				92E18854297CBD6A009BD0E4 /* ConditionalSpacer.swift */,
				92E1885D297E52AD009BD0E4 /* ExpirationTextView.swift */,
				92E188612980900D009BD0E4 /* NotificationPermission.swift */,
			);
			path = UtilViews;
			sourceTree = "<group>";
		};
		92E18857297CEB68009BD0E4 /* MainViews */ = {
			isa = PBXGroup;
			children = (
				92CCF0292985FF120066A4A4 /* ItemEditView.swift */,
				92E18850297C6F12009BD0E4 /* ItemDetailView.swift */,
				92FA0B48297A326F00F12C85 /* AddExpirationView.swift */,
				92FA0B71297A5D3C00F12C85 /* TrackedItemsView.swift */,
				92E1886329809063009BD0E4 /* SettingsView.swift */,
			);
			path = MainViews;
			sourceTree = "<group>";
		};
		92E1885A297E4D51009BD0E4 /* util */ = {
			isa = PBXGroup;
			children = (
				92E1885B297E4D70009BD0E4 /* DateStringUtil.swift */,
				92E188652980D995009BD0E4 /* Notifications.swift */,
				92E18867298378A3009BD0E4 /* CoreDataUtil.swift */,
				92E188702984B279009BD0E4 /* FileUtil.swift */,
				92E188722984CB14009BD0E4 /* CSVDocument.swift */,
			);
			path = util;
			sourceTree = "<group>";
		};
		92FA0B3A297A326F00F12C85 = {
			isa = PBXGroup;
			children = (
				92FA0B55297A399D00F12C85 /* .gitignore */,
				92FA0B57297A399D00F12C85 /* LICENSE */,
				92FA0B56297A399D00F12C85 /* README.md */,
				92FA0B45297A326F00F12C85 /* iExpire */,
				92FA0B44297A326F00F12C85 /* Products */,
			);
			sourceTree = "<group>";
		};
		92FA0B44297A326F00F12C85 /* Products */ = {
			isa = PBXGroup;
			children = (
				92FA0B43297A326F00F12C85 /* iExpire.app */,
			);
			name = Products;
			sourceTree = "<group>";
		};
		92FA0B45297A326F00F12C85 /* iExpire */ = {
			isa = PBXGroup;
			children = (
				92E1885A297E4D51009BD0E4 /* util */,
				92E18857297CEB68009BD0E4 /* MainViews */,
				92E18856297CBE05009BD0E4 /* UtilViews */,
				92E1884B297BB04E009BD0E4 /* iExpire.entitlements */,
				92FA0B5E297A408500F12C85 /* Models */,
				92FA0B46297A326F00F12C85 /* iExpireApp.swift */,
				92FA0B4A297A327300F12C85 /* Assets.xcassets */,
				92FA0B4D297A327300F12C85 /* Preview Content */,
				92FA0B5B297A3F5A00F12C85 /* iExpireProject.xcdatamodeld */,
				92FA0B6F297A531600F12C85 /* DataController.swift */,
			);
			path = iExpire;
			sourceTree = "<group>";
		};
		92FA0B4D297A327300F12C85 /* Preview Content */ = {
			isa = PBXGroup;
			children = (
				92FA0B4E297A327300F12C85 /* Preview Assets.xcassets */,
			);
			path = "Preview Content";
			sourceTree = "<group>";
		};
		92FA0B5E297A408500F12C85 /* Models */ = {
			isa = PBXGroup;
			children = (
				92513757298C8DB600916591 /* Item+CoreDataClass.swift */,
				92513758298C8DB600916591 /* Item+CoreDataProperties.swift */,
			);
			path = Models;
			sourceTree = "<group>";
		};
/* End PBXGroup section */

/* Begin PBXNativeTarget section */
		92FA0B42297A326F00F12C85 /* iExpire */ = {
			isa = PBXNativeTarget;
			buildConfigurationList = 92FA0B52297A327300F12C85 /* Build configuration list for PBXNativeTarget "iExpire" */;
			buildPhases = (
				92FA0B3F297A326F00F12C85 /* Sources */,
				92FA0B40297A326F00F12C85 /* Frameworks */,
				92FA0B41297A326F00F12C85 /* Resources */,
			);
			buildRules = (
			);
			dependencies = (
			);
			name = iExpire;
			productName = iExpire;
			productReference = 92FA0B43297A326F00F12C85 /* iExpire.app */;
			productType = "com.apple.product-type.application";
		};
/* End PBXNativeTarget section */

/* Begin PBXProject section */
		92FA0B3B297A326F00F12C85 /* Project object */ = {
			isa = PBXProject;
			attributes = {
				BuildIndependentTargetsInParallel = 1;
				LastSwiftUpdateCheck = 1400;
				LastUpgradeCheck = 1420;
				TargetAttributes = {
					92FA0B42297A326F00F12C85 = {
						CreatedOnToolsVersion = 14.0.1;
					};
				};
			};
			buildConfigurationList = 92FA0B3E297A326F00F12C85 /* Build configuration list for PBXProject "iExpire" */;
			compatibilityVersion = "Xcode 14.0";
			developmentRegion = en;
			hasScannedForEncodings = 0;
			knownRegions = (
				en,
				Base,
			);
			mainGroup = 92FA0B3A297A326F00F12C85;
			productRefGroup = 92FA0B44297A326F00F12C85 /* Products */;
			projectDirPath = "";
			projectRoot = "";
			targets = (
				92FA0B42297A326F00F12C85 /* iExpire */,
			);
		};
/* End PBXProject section */

/* Begin PBXResourcesBuildPhase section */
		92FA0B41297A326F00F12C85 /* Resources */ = {
			isa = PBXResourcesBuildPhase;
			buildActionMask = 2147483647;
			files = (
				92FA0B4F297A327300F12C85 /* Preview Assets.xcassets in Resources */,
				92FA0B58297A399D00F12C85 /* .gitignore in Resources */,
				92FA0B59297A399D00F12C85 /* README.md in Resources */,
				92FA0B4B297A327300F12C85 /* Assets.xcassets in Resources */,
				92FA0B5A297A399D00F12C85 /* LICENSE in Resources */,
			);
			runOnlyForDeploymentPostprocessing = 0;
		};
/* End PBXResourcesBuildPhase section */

/* Begin PBXSourcesBuildPhase section */
		92FA0B3F297A326F00F12C85 /* Sources */ = {
			isa = PBXSourcesBuildPhase;
			buildActionMask = 2147483647;
			files = (
				92E188712984B279009BD0E4 /* FileUtil.swift in Sources */,
				92E188732984CB14009BD0E4 /* CSVDocument.swift in Sources */,
				92E188662980D995009BD0E4 /* Notifications.swift in Sources */,
				92E188622980900D009BD0E4 /* NotificationPermission.swift in Sources */,
				9251375A298C8DB600916591 /* Item+CoreDataProperties.swift in Sources */,
				92FA0B5D297A3F5A00F12C85 /* iExpireProject.xcdatamodeld in Sources */,
				92FA0B70297A531600F12C85 /* DataController.swift in Sources */,
				92FA0B49297A326F00F12C85 /* AddExpirationView.swift in Sources */,
				92E18851297C6F12009BD0E4 /* ItemDetailView.swift in Sources */,
				92E18855297CBD6A009BD0E4 /* ConditionalSpacer.swift in Sources */,
				92E1884D297BB47C009BD0E4 /* PhotoSelectorView.swift in Sources */,
				92E1886429809063009BD0E4 /* SettingsView.swift in Sources */,
				92E1885E297E52AE009BD0E4 /* ExpirationTextView.swift in Sources */,
				92513759298C8DB600916591 /* Item+CoreDataClass.swift in Sources */,
				92E1885C297E4D70009BD0E4 /* DateStringUtil.swift in Sources */,
				92CCF02A2985FF120066A4A4 /* ItemEditView.swift in Sources */,
				92FA0B47297A326F00F12C85 /* iExpireApp.swift in Sources */,
				92E18868298378A3009BD0E4 /* CoreDataUtil.swift in Sources */,
				92FA0B72297A5D3C00F12C85 /* TrackedItemsView.swift in Sources */,
			);
			runOnlyForDeploymentPostprocessing = 0;
		};
/* End PBXSourcesBuildPhase section */

/* Begin XCBuildConfiguration section */
		92FA0B50297A327300F12C85 /* Debug */ = {
			isa = XCBuildConfiguration;
			buildSettings = {
				ALWAYS_SEARCH_USER_PATHS = NO;
				CLANG_ANALYZER_NONNULL = YES;
				CLANG_ANALYZER_NUMBER_OBJECT_CONVERSION = YES_AGGRESSIVE;
				CLANG_CXX_LANGUAGE_STANDARD = "gnu++20";
				CLANG_ENABLE_MODULES = YES;
				CLANG_ENABLE_OBJC_ARC = YES;
				CLANG_ENABLE_OBJC_WEAK = YES;
				CLANG_WARN_BLOCK_CAPTURE_AUTORELEASING = YES;
				CLANG_WARN_BOOL_CONVERSION = YES;
				CLANG_WARN_COMMA = YES;
				CLANG_WARN_CONSTANT_CONVERSION = YES;
				CLANG_WARN_DEPRECATED_OBJC_IMPLEMENTATIONS = YES;
				CLANG_WARN_DIRECT_OBJC_ISA_USAGE = YES_ERROR;
				CLANG_WARN_DOCUMENTATION_COMMENTS = YES;
				CLANG_WARN_EMPTY_BODY = YES;
				CLANG_WARN_ENUM_CONVERSION = YES;
				CLANG_WARN_INFINITE_RECURSION = YES;
				CLANG_WARN_INT_CONVERSION = YES;
				CLANG_WARN_NON_LITERAL_NULL_CONVERSION = YES;
				CLANG_WARN_OBJC_IMPLICIT_RETAIN_SELF = YES;
				CLANG_WARN_OBJC_LITERAL_CONVERSION = YES;
				CLANG_WARN_OBJC_ROOT_CLASS = YES_ERROR;
				CLANG_WARN_QUOTED_INCLUDE_IN_FRAMEWORK_HEADER = YES;
				CLANG_WARN_RANGE_LOOP_ANALYSIS = YES;
				CLANG_WARN_STRICT_PROTOTYPES = YES;
				CLANG_WARN_SUSPICIOUS_MOVE = YES;
				CLANG_WARN_UNGUARDED_AVAILABILITY = YES_AGGRESSIVE;
				CLANG_WARN_UNREACHABLE_CODE = YES;
				CLANG_WARN__DUPLICATE_METHOD_MATCH = YES;
				COPY_PHASE_STRIP = NO;
				DEAD_CODE_STRIPPING = YES;
				DEBUG_INFORMATION_FORMAT = dwarf;
				ENABLE_STRICT_OBJC_MSGSEND = YES;
				ENABLE_TESTABILITY = YES;
				GCC_C_LANGUAGE_STANDARD = gnu11;
				GCC_DYNAMIC_NO_PIC = NO;
				GCC_NO_COMMON_BLOCKS = YES;
				GCC_OPTIMIZATION_LEVEL = 0;
				GCC_PREPROCESSOR_DEFINITIONS = (
					"DEBUG=1",
					"$(inherited)",
				);
				GCC_WARN_64_TO_32_BIT_CONVERSION = YES;
				GCC_WARN_ABOUT_RETURN_TYPE = YES_ERROR;
				GCC_WARN_UNDECLARED_SELECTOR = YES;
				GCC_WARN_UNINITIALIZED_AUTOS = YES_AGGRESSIVE;
				GCC_WARN_UNUSED_FUNCTION = YES;
				GCC_WARN_UNUSED_VARIABLE = YES;
				IPHONEOS_DEPLOYMENT_TARGET = 16.0;
				MTL_ENABLE_DEBUG_INFO = INCLUDE_SOURCE;
				MTL_FAST_MATH = YES;
				ONLY_ACTIVE_ARCH = YES;
				SWIFT_ACTIVE_COMPILATION_CONDITIONS = DEBUG;
				SWIFT_OPTIMIZATION_LEVEL = "-Onone";
			};
			name = Debug;
		};
		92FA0B51297A327300F12C85 /* Release */ = {
			isa = XCBuildConfiguration;
			buildSettings = {
				ALWAYS_SEARCH_USER_PATHS = NO;
				CLANG_ANALYZER_NONNULL = YES;
				CLANG_ANALYZER_NUMBER_OBJECT_CONVERSION = YES_AGGRESSIVE;
				CLANG_CXX_LANGUAGE_STANDARD = "gnu++20";
				CLANG_ENABLE_MODULES = YES;
				CLANG_ENABLE_OBJC_ARC = YES;
				CLANG_ENABLE_OBJC_WEAK = YES;
				CLANG_WARN_BLOCK_CAPTURE_AUTORELEASING = YES;
				CLANG_WARN_BOOL_CONVERSION = YES;
				CLANG_WARN_COMMA = YES;
				CLANG_WARN_CONSTANT_CONVERSION = YES;
				CLANG_WARN_DEPRECATED_OBJC_IMPLEMENTATIONS = YES;
				CLANG_WARN_DIRECT_OBJC_ISA_USAGE = YES_ERROR;
				CLANG_WARN_DOCUMENTATION_COMMENTS = YES;
				CLANG_WARN_EMPTY_BODY = YES;
				CLANG_WARN_ENUM_CONVERSION = YES;
				CLANG_WARN_INFINITE_RECURSION = YES;
				CLANG_WARN_INT_CONVERSION = YES;
				CLANG_WARN_NON_LITERAL_NULL_CONVERSION = YES;
				CLANG_WARN_OBJC_IMPLICIT_RETAIN_SELF = YES;
				CLANG_WARN_OBJC_LITERAL_CONVERSION = YES;
				CLANG_WARN_OBJC_ROOT_CLASS = YES_ERROR;
				CLANG_WARN_QUOTED_INCLUDE_IN_FRAMEWORK_HEADER = YES;
				CLANG_WARN_RANGE_LOOP_ANALYSIS = YES;
				CLANG_WARN_STRICT_PROTOTYPES = YES;
				CLANG_WARN_SUSPICIOUS_MOVE = YES;
				CLANG_WARN_UNGUARDED_AVAILABILITY = YES_AGGRESSIVE;
				CLANG_WARN_UNREACHABLE_CODE = YES;
				CLANG_WARN__DUPLICATE_METHOD_MATCH = YES;
				COPY_PHASE_STRIP = NO;
				DEAD_CODE_STRIPPING = YES;
				DEBUG_INFORMATION_FORMAT = "dwarf-with-dsym";
				ENABLE_NS_ASSERTIONS = NO;
				ENABLE_STRICT_OBJC_MSGSEND = YES;
				GCC_C_LANGUAGE_STANDARD = gnu11;
				GCC_NO_COMMON_BLOCKS = YES;
				GCC_WARN_64_TO_32_BIT_CONVERSION = YES;
				GCC_WARN_ABOUT_RETURN_TYPE = YES_ERROR;
				GCC_WARN_UNDECLARED_SELECTOR = YES;
				GCC_WARN_UNINITIALIZED_AUTOS = YES_AGGRESSIVE;
				GCC_WARN_UNUSED_FUNCTION = YES;
				GCC_WARN_UNUSED_VARIABLE = YES;
				IPHONEOS_DEPLOYMENT_TARGET = 16.0;
				MTL_ENABLE_DEBUG_INFO = NO;
				MTL_FAST_MATH = YES;
				SWIFT_COMPILATION_MODE = wholemodule;
				SWIFT_OPTIMIZATION_LEVEL = "-O";
			};
			name = Release;
		};
		92FA0B53297A327300F12C85 /* Debug */ = {
			isa = XCBuildConfiguration;
			buildSettings = {
				ASSETCATALOG_COMPILER_APPICON_NAME = AppIcon;
				ASSETCATALOG_COMPILER_GLOBAL_ACCENT_COLOR_NAME = AccentColor;
				CODE_SIGN_ENTITLEMENTS = iExpire/iExpire.entitlements;
				CODE_SIGN_IDENTITY = "Apple Development";
				CODE_SIGN_STYLE = Automatic;
				CURRENT_PROJECT_VERSION = 1;
				DEAD_CODE_STRIPPING = YES;
				DEVELOPMENT_ASSET_PATHS = "\"iExpire/Preview Content\"";
				DEVELOPMENT_TEAM = WSQUG76UX4;
				ENABLE_HARDENED_RUNTIME = YES;
				ENABLE_PREVIEWS = YES;
				GENERATE_INFOPLIST_FILE = YES;
				INFOPLIST_KEY_LSApplicationCategoryType = "public.app-category.food-and-drink";
				"INFOPLIST_KEY_UIApplicationSceneManifest_Generation[sdk=iphoneos*]" = YES;
				"INFOPLIST_KEY_UIApplicationSceneManifest_Generation[sdk=iphonesimulator*]" = YES;
				"INFOPLIST_KEY_UIApplicationSupportsIndirectInputEvents[sdk=iphoneos*]" = YES;
				"INFOPLIST_KEY_UIApplicationSupportsIndirectInputEvents[sdk=iphonesimulator*]" = YES;
				"INFOPLIST_KEY_UILaunchScreen_Generation[sdk=iphoneos*]" = YES;
				"INFOPLIST_KEY_UILaunchScreen_Generation[sdk=iphonesimulator*]" = YES;
				"INFOPLIST_KEY_UIStatusBarStyle[sdk=iphoneos*]" = UIStatusBarStyleDefault;
				"INFOPLIST_KEY_UIStatusBarStyle[sdk=iphonesimulator*]" = UIStatusBarStyleDefault;
				INFOPLIST_KEY_UISupportedInterfaceOrientations_iPad = "UIInterfaceOrientationPortrait UIInterfaceOrientationPortraitUpsideDown UIInterfaceOrientationLandscapeLeft UIInterfaceOrientationLandscapeRight";
				INFOPLIST_KEY_UISupportedInterfaceOrientations_iPhone = "UIInterfaceOrientationPortrait UIInterfaceOrientationLandscapeLeft UIInterfaceOrientationLandscapeRight";
				IPHONEOS_DEPLOYMENT_TARGET = 16.0;
				LD_RUNPATH_SEARCH_PATHS = "@executable_path/Frameworks";
				"LD_RUNPATH_SEARCH_PATHS[sdk=macosx*]" = "@executable_path/../Frameworks";
				MACOSX_DEPLOYMENT_TARGET = 12.3;
				MARKETING_VERSION = 1.0;
				PRODUCT_BUNDLE_IDENTIFIER = com.iamandywu.iExpire;
				PRODUCT_NAME = "$(TARGET_NAME)";
				PROVISIONING_PROFILE_SPECIFIER = "";
				SDKROOT = auto;
				SUPPORTED_PLATFORMS = "iphoneos iphonesimulator";
				SUPPORTS_MACCATALYST = NO;
				SUPPORTS_MAC_DESIGNED_FOR_IPHONE_IPAD = NO;
				SWIFT_EMIT_LOC_STRINGS = YES;
				SWIFT_VERSION = 5.0;
				TARGETED_DEVICE_FAMILY = 1;
			};
			name = Debug;
		};
		92FA0B54297A327300F12C85 /* Release */ = {
			isa = XCBuildConfiguration;
			buildSettings = {
				ASSETCATALOG_COMPILER_APPICON_NAME = AppIcon;
				ASSETCATALOG_COMPILER_GLOBAL_ACCENT_COLOR_NAME = AccentColor;
				CODE_SIGN_ENTITLEMENTS = iExpire/iExpire.entitlements;
				CODE_SIGN_IDENTITY = "Apple Development";
				CODE_SIGN_STYLE = Automatic;
				CURRENT_PROJECT_VERSION = 1;
				DEAD_CODE_STRIPPING = YES;
				DEVELOPMENT_ASSET_PATHS = "\"iExpire/Preview Content\"";
				DEVELOPMENT_TEAM = WSQUG76UX4;
				ENABLE_HARDENED_RUNTIME = YES;
				ENABLE_PREVIEWS = YES;
				GENERATE_INFOPLIST_FILE = YES;
				INFOPLIST_KEY_LSApplicationCategoryType = "public.app-category.food-and-drink";
				"INFOPLIST_KEY_UIApplicationSceneManifest_Generation[sdk=iphoneos*]" = YES;
				"INFOPLIST_KEY_UIApplicationSceneManifest_Generation[sdk=iphonesimulator*]" = YES;
				"INFOPLIST_KEY_UIApplicationSupportsIndirectInputEvents[sdk=iphoneos*]" = YES;
				"INFOPLIST_KEY_UIApplicationSupportsIndirectInputEvents[sdk=iphonesimulator*]" = YES;
				"INFOPLIST_KEY_UILaunchScreen_Generation[sdk=iphoneos*]" = YES;
				"INFOPLIST_KEY_UILaunchScreen_Generation[sdk=iphonesimulator*]" = YES;
				"INFOPLIST_KEY_UIStatusBarStyle[sdk=iphoneos*]" = UIStatusBarStyleDefault;
				"INFOPLIST_KEY_UIStatusBarStyle[sdk=iphonesimulator*]" = UIStatusBarStyleDefault;
				INFOPLIST_KEY_UISupportedInterfaceOrientations_iPad = "UIInterfaceOrientationPortrait UIInterfaceOrientationPortraitUpsideDown UIInterfaceOrientationLandscapeLeft UIInterfaceOrientationLandscapeRight";
				INFOPLIST_KEY_UISupportedInterfaceOrientations_iPhone = "UIInterfaceOrientationPortrait UIInterfaceOrientationLandscapeLeft UIInterfaceOrientationLandscapeRight";
				IPHONEOS_DEPLOYMENT_TARGET = 16.0;
				LD_RUNPATH_SEARCH_PATHS = "@executable_path/Frameworks";
				"LD_RUNPATH_SEARCH_PATHS[sdk=macosx*]" = "@executable_path/../Frameworks";
				MACOSX_DEPLOYMENT_TARGET = 12.3;
				MARKETING_VERSION = 1.0;
				PRODUCT_BUNDLE_IDENTIFIER = com.iamandywu.iExpire;
				PRODUCT_NAME = "$(TARGET_NAME)";
				PROVISIONING_PROFILE_SPECIFIER = "";
				SDKROOT = auto;
				SUPPORTED_PLATFORMS = "iphoneos iphonesimulator";
				SUPPORTS_MACCATALYST = NO;
				SUPPORTS_MAC_DESIGNED_FOR_IPHONE_IPAD = NO;
				SWIFT_EMIT_LOC_STRINGS = YES;
				SWIFT_VERSION = 5.0;
				TARGETED_DEVICE_FAMILY = 1;
			};
			name = Release;
		};
/* End XCBuildConfiguration section */

/* Begin XCConfigurationList section */
		92FA0B3E297A326F00F12C85 /* Build configuration list for PBXProject "iExpire" */ = {
			isa = XCConfigurationList;
			buildConfigurations = (
				92FA0B50297A327300F12C85 /* Debug */,
				92FA0B51297A327300F12C85 /* Release */,
			);
			defaultConfigurationIsVisible = 0;
			defaultConfigurationName = Release;
		};
		92FA0B52297A327300F12C85 /* Build configuration list for PBXNativeTarget "iExpire" */ = {
			isa = XCConfigurationList;
			buildConfigurations = (
				92FA0B53297A327300F12C85 /* Debug */,
				92FA0B54297A327300F12C85 /* Release */,
			);
			defaultConfigurationIsVisible = 0;
			defaultConfigurationName = Release;
		};
/* End XCConfigurationList section */

/* Begin XCVersionGroup section */
		92FA0B5B297A3F5A00F12C85 /* iExpireProject.xcdatamodeld */ = {
			isa = XCVersionGroup;
			children = (
				92FA0B5C297A3F5A00F12C85 /* iExpireProject.xcdatamodel */,
			);
			currentVersion = 92FA0B5C297A3F5A00F12C85 /* iExpireProject.xcdatamodel */;
			path = iExpireProject.xcdatamodeld;
			sourceTree = "<group>";
			versionGroupType = wrapper.xcdatamodel;
		};
/* End XCVersionGroup section */
	};
	rootObject = 92FA0B3B297A326F00F12C85 /* Project object */;
}
